
Microsoft Visual Studio Solution File, Format Version 12.00
# Visual Studio Version 17
VisualStudioVersion = 17.14.36811.4 d17.14
MinimumVisualStudioVersion = 10.0.40219.1
Project("{FAE04EC0-301F-11D3-BF4B-00C04F79EFBC}") = "LZSPatrimonio.API", "src\API\LZSPatrimonio.API\LZSPatrimonio.API.csproj", "{346FC57E-D9A1-426E-888B-1E9CA29142D5}"
EndProject
Global
	GlobalSection(SolutionConfigurationPlatforms) = preSolution
		Debug|Any CPU = Debug|Any CPU
		Release|Any CPU = Release|Any CPU
	EndGlobalSection
	GlobalSection(ProjectConfigurationPlatforms) = postSolution
		{346FC57E-D9A1-426E-888B-1E9CA29142D5}.Debug|Any CPU.ActiveCfg = Debug|Any CPU
		{346FC57E-D9A1-426E-888B-1E9CA29142D5}.Debug|Any CPU.Build.0 = Debug|Any CPU
		{346FC57E-D9A1-426E-888B-1E9CA29142D5}.Release|Any CPU.ActiveCfg = Release|Any CPU
		{346FC57E-D9A1-426E-888B-1E9CA29142D5}.Release|Any CPU.Build.0 = Release|Any CPU
	EndGlobalSection
	GlobalSection(SolutionProperties) = preSolution
		HideSolutionNode = FALSE
	EndGlobalSection
	GlobalSection(ExtensibilityGlobals) = postSolution
		SolutionGuid = {BC27CD7B-1350-4137-B0C8-78A9A506CF24}
	EndGlobalSection
EndGlobal
