
Microsoft Visual Studio Solution File, Format Version 12.00
# Visual Studio Version 17
VisualStudioVersion = 17.14.36811.4
MinimumVisualStudioVersion = 10.0.40219.1
Project("{FAE04EC0-301F-11D3-BF4B-00C04F79EFBC}") = "LZSPatrimonio.API", "src\API\LZSPatrimonio.API\LZSPatrimonio.API.csproj", "{346FC57E-D9A1-426E-888B-1E9CA29142D5}"
EndProject
Project("{2150E333-8FDC-42A3-9474-1A3956D46DE8}") = "src", "src", "{02EA681E-C7D8-13C7-8484-4AC65E1B71E8}"
EndProject
Project("{2150E333-8FDC-42A3-9474-1A3956D46DE8}") = "API", "API", "{36961113-28AC-4C1A-95B1-F8E4D06622DF}"
EndProject
Project("{2150E333-8FDC-42A3-9474-1A3956D46DE8}") = "Aplicacao", "Aplicacao", "{2DF4ED42-DC52-4627-9FC8-29121494E17E}"
EndProject
Project("{2150E333-8FDC-42A3-9474-1A3956D46DE8}") = "Tests", "Tests", "{28BA6BB7-8006-488E-9468-F39A6C616BAD}"
EndProject
Project("{2150E333-8FDC-42A3-9474-1A3956D46DE8}") = "Dominio", "Dominio", "{EF716607-E204-4841-8E10-420A3F5A0946}"
EndProject
Project("{2150E333-8FDC-42A3-9474-1A3956D46DE8}") = "Infra", "Infra", "{E2AF8FDE-155C-4E44-9EA2-83C45FD72D2F}"
EndProject
Project("{2150E333-8FDC-42A3-9474-1A3956D46DE8}") = "InterfaceAdapter", "InterfaceAdapter", "{8DDB8734-D47D-4E36-AF0E-36CF0FAD9E98}"
EndProject
Project("{2150E333-8FDC-42A3-9474-1A3956D46DE8}") = "Mapeamento", "Mapeamento", "{5229DF27-F6D1-46C7-95B2-EE77B788B2F7}"
EndProject
Project("{2150E333-8FDC-42A3-9474-1A3956D46DE8}") = "Web", "Web", "{470F450D-5D62-462B-80F1-3DD69F01C111}"
EndProject
Project("{FAE04EC0-301F-11D3-BF4B-00C04F79EFBC}") = "LZSPatrimonio.Aplicacao", "src\Aplicacao\LZSPatrimonio.Aplicacao\LZSPatrimonio.Aplicacao.csproj", "{EF85B98C-D578-4513-B1B9-D4EAC169C8C2}"
EndProject
Project("{FAE04EC0-301F-11D3-BF4B-00C04F79EFBC}") = "LZSPatrimonio.Dominio", "src\Dominio\LZSPatrimonio.Dominio\LZSPatrimonio.Dominio.csproj", "{A030F127-06DF-43CA-A454-53FED3E99FBB}"
EndProject
Global
	GlobalSection(SolutionConfigurationPlatforms) = preSolution
		Debug|Any CPU = Debug|Any CPU
		Release|Any CPU = Release|Any CPU
	EndGlobalSection
	GlobalSection(ProjectConfigurationPlatforms) = postSolution
		{346FC57E-D9A1-426E-888B-1E9CA29142D5}.Debug|Any CPU.ActiveCfg = Debug|Any CPU
		{346FC57E-D9A1-426E-888B-1E9CA29142D5}.Debug|Any CPU.Build.0 = Debug|Any CPU
		{346FC57E-D9A1-426E-888B-1E9CA29142D5}.Release|Any CPU.ActiveCfg = Release|Any CPU
		{346FC57E-D9A1-426E-888B-1E9CA29142D5}.Release|Any CPU.Build.0 = Release|Any CPU
		{EF85B98C-D578-4513-B1B9-D4EAC169C8C2}.Debug|Any CPU.ActiveCfg = Debug|Any CPU
		{EF85B98C-D578-4513-B1B9-D4EAC169C8C2}.Debug|Any CPU.Build.0 = Debug|Any CPU
		{EF85B98C-D578-4513-B1B9-D4EAC169C8C2}.Release|Any CPU.ActiveCfg = Release|Any CPU
		{EF85B98C-D578-4513-B1B9-D4EAC169C8C2}.Release|Any CPU.Build.0 = Release|Any CPU
		{A030F127-06DF-43CA-A454-53FED3E99FBB}.Debug|Any CPU.ActiveCfg = Debug|Any CPU
		{A030F127-06DF-43CA-A454-53FED3E99FBB}.Debug|Any CPU.Build.0 = Debug|Any CPU
		{A030F127-06DF-43CA-A454-53FED3E99FBB}.Release|Any CPU.ActiveCfg = Release|Any CPU
		{A030F127-06DF-43CA-A454-53FED3E99FBB}.Release|Any CPU.Build.0 = Release|Any CPU
	EndGlobalSection
	GlobalSection(SolutionProperties) = preSolution
		HideSolutionNode = FALSE
	EndGlobalSection
	GlobalSection(NestedProjects) = preSolution
		{346FC57E-D9A1-426E-888B-1E9CA29142D5} = {36961113-28AC-4C1A-95B1-F8E4D06622DF}
		{36961113-28AC-4C1A-95B1-F8E4D06622DF} = {02EA681E-C7D8-13C7-8484-4AC65E1B71E8}
		{2DF4ED42-DC52-4627-9FC8-29121494E17E} = {02EA681E-C7D8-13C7-8484-4AC65E1B71E8}
		{EF716607-E204-4841-8E10-420A3F5A0946} = {02EA681E-C7D8-13C7-8484-4AC65E1B71E8}
		{E2AF8FDE-155C-4E44-9EA2-83C45FD72D2F} = {02EA681E-C7D8-13C7-8484-4AC65E1B71E8}
		{8DDB8734-D47D-4E36-AF0E-36CF0FAD9E98} = {02EA681E-C7D8-13C7-8484-4AC65E1B71E8}
		{5229DF27-F6D1-46C7-95B2-EE77B788B2F7} = {02EA681E-C7D8-13C7-8484-4AC65E1B71E8}
		{470F450D-5D62-462B-80F1-3DD69F01C111} = {02EA681E-C7D8-13C7-8484-4AC65E1B71E8}
		{EF85B98C-D578-4513-B1B9-D4EAC169C8C2} = {2DF4ED42-DC52-4627-9FC8-29121494E17E}
		{A030F127-06DF-43CA-A454-53FED3E99FBB} = {EF716607-E204-4841-8E10-420A3F5A0946}
	EndGlobalSection
	GlobalSection(ExtensibilityGlobals) = postSolution
		SolutionGuid = {BC27CD7B-1350-4137-B0C8-78A9A506CF24}
	EndGlobalSection
EndGlobal
